# This file is generated by running "yarn install" inside your project.
# Manual changes might be lost - proceed with caution!

__metadata:
  version: 8
  cacheKey: 10c0

"@jsdotlua/boolean@npm:^1.2.6":
  version: 1.2.6
  resolution: "@jsdotlua/boolean@npm:1.2.6"
  dependencies:
    "@jsdotlua/number": "npm:^1.2.6"
  checksum: 5f567e556bb7c56102327a97468571522ce939be6cdc1b51591afc3dfc1dff4b2c9ec5462e7809bd9a515b3bdfc1c3eaabb4f631892cb5f471b4fc8da188cb84
  languageName: node
  linkType: hard

"@jsdotlua/chalk@npm:^0.2.1":
  version: 0.2.1
  resolution: "@jsdotlua/chalk@npm:0.2.1"
  checksum: 4db0d7de47dae83daa8be4cb4acbb8cc54e81aa598a686529bd95e95900f365edab65fc354c6114be942cfc8c2f3efc47b78aebc528cd2079e0c67f7e4aeba8d
  languageName: node
  linkType: hard

"@jsdotlua/collections@npm:^1.2.6":
  version: 1.2.6
  resolution: "@jsdotlua/collections@npm:1.2.6"
  dependencies:
    "@jsdotlua/es7-types": "npm:^1.2.6"
    "@jsdotlua/instance-of": "npm:^1.2.6"
  checksum: a4b3fe826358484528f10e8ca61a80d841a6515a22277a003117449da66ea1fb891c7b4103b952b01bd7d75666f26cb41c8efb852672aa8aaaaebbcd656dca79
  languageName: node
  linkType: hard

"@jsdotlua/console@npm:^1.2.6":
  version: 1.2.6
  resolution: "@jsdotlua/console@npm:1.2.6"
  dependencies:
    "@jsdotlua/collections": "npm:^1.2.6"
  checksum: eff658d9e8d23f932893facf18400a29ada54d1a24748b751aac1e4df48e92ff70b3b2ccd1ab6a4f2490dd709f826fe39427fb80f01a7574265fdd4e8af9187a
  languageName: node
  linkType: hard

"@jsdotlua/diff-sequences@workspace:^, @jsdotlua/diff-sequences@workspace:src/diff-sequences":
  version: 0.0.0-use.local
  resolution: "@jsdotlua/diff-sequences@workspace:src/diff-sequences"
  dependencies:
    "@jsdotlua/jest-globals": "workspace:^"
    "@jsdotlua/luau-polyfill": "npm:^1.2.6"
    npmluau: "npm:^0.1.1"
  languageName: unknown
  linkType: soft

"@jsdotlua/emittery@workspace:^, @jsdotlua/emittery@workspace:src/emittery":
  version: 0.0.0-use.local
  resolution: "@jsdotlua/emittery@workspace:src/emittery"
  dependencies:
    "@jsdotlua/jest-globals": "workspace:^"
    "@jsdotlua/luau-polyfill": "npm:^1.2.6"
    "@jsdotlua/promise": "npm:^3.5.0"
    npmluau: "npm:^0.1.1"
  languageName: unknown
  linkType: soft

"@jsdotlua/es7-types@npm:^1.2.6":
  version: 1.2.6
  resolution: "@jsdotlua/es7-types@npm:1.2.6"
  checksum: e5710f5f6de0608aec22744845e3a24acc47e2bda6cfc0b1fe4040935039b73e8467da90c3a6c9d75b08c9f39d2b98e9d72d54f3f630012538a7d53ad828a0d6
  languageName: node
  linkType: hard

"@jsdotlua/expect@workspace:^, @jsdotlua/expect@workspace:src/expect":
  version: 0.0.0-use.local
  resolution: "@jsdotlua/expect@workspace:src/expect"
  dependencies:
    "@jsdotlua/jest-get-type": "workspace:^"
    "@jsdotlua/jest-globals": "workspace:^"
    "@jsdotlua/jest-matcher-utils": "workspace:^"
    "@jsdotlua/jest-message-util": "workspace:^"
    "@jsdotlua/jest-mock": "workspace:^"
    "@jsdotlua/jest-roblox-shared": "workspace:^"
    "@jsdotlua/jest-snapshot": "workspace:^"
    "@jsdotlua/jest-util": "workspace:^"
    "@jsdotlua/luau-polyfill": "npm:^1.2.6"
    "@jsdotlua/promise": "npm:^3.5.0"
    "@jsdotlua/test-utils": "workspace:^"
    luau-regexp: "npm:^0.2.1"
    npmluau: "npm:^0.1.1"
  languageName: unknown
  linkType: soft

"@jsdotlua/instance-of@npm:^1.2.6":
  version: 1.2.6
  resolution: "@jsdotlua/instance-of@npm:1.2.6"
  checksum: 0958caf214bb0556c1dcf94096410c367f413af4b02ef3adbd733e47435d8734b583217804bed5aec8308d56ccfb39032bb12fd4337e01ec5ae2db690b2ca9ce
  languageName: node
  linkType: hard

"@jsdotlua/jest-benchmark@workspace:src/jest-benchmark":
  version: 0.0.0-use.local
  resolution: "@jsdotlua/jest-benchmark@workspace:src/jest-benchmark"
  dependencies:
    "@jsdotlua/jest-globals": "workspace:^"
    "@jsdotlua/jest-types": "workspace:^"
    "@jsdotlua/luau-polyfill": "npm:^1.2.6"
    npmluau: "npm:^0.1.1"
  languageName: unknown
  linkType: soft

"@jsdotlua/jest-circus@workspace:^, @jsdotlua/jest-circus@workspace:src/jest-circus":
  version: 0.0.0-use.local
  resolution: "@jsdotlua/jest-circus@workspace:src/jest-circus"
  dependencies:
    "@jsdotlua/chalk": "npm:^0.2.1"
    "@jsdotlua/expect": "workspace:^"
    "@jsdotlua/jest-each": "workspace:^"
    "@jsdotlua/jest-environment": "workspace:^"
    "@jsdotlua/jest-globals": "workspace:^"
    "@jsdotlua/jest-matcher-utils": "workspace:^"
    "@jsdotlua/jest-message-util": "workspace:^"
    "@jsdotlua/jest-roblox-shared": "workspace:^"
    "@jsdotlua/jest-runtime": "workspace:^"
    "@jsdotlua/jest-snapshot": "workspace:^"
    "@jsdotlua/jest-test-result": "workspace:^"
    "@jsdotlua/jest-types": "workspace:^"
    "@jsdotlua/jest-util": "workspace:^"
    "@jsdotlua/luau-polyfill": "npm:^1.2.6"
    "@jsdotlua/pretty-format": "workspace:^"
    "@jsdotlua/promise": "npm:^3.5.0"
    "@jsdotlua/throat": "workspace:^"
    luau-regexp: "npm:^0.2.1"
    npmluau: "npm:^0.1.1"
  languageName: unknown
  linkType: soft

"@jsdotlua/jest-config@workspace:^, @jsdotlua/jest-config@workspace:src/jest-config":
  version: 0.0.0-use.local
  resolution: "@jsdotlua/jest-config@workspace:src/jest-config"
  dependencies:
    "@jsdotlua/chalk": "npm:^0.2.1"
    "@jsdotlua/jest-each": "workspace:^"
    "@jsdotlua/jest-environment-roblox": "workspace:^"
    "@jsdotlua/jest-get-type": "workspace:^"
    "@jsdotlua/jest-globals": "workspace:^"
    "@jsdotlua/jest-message-util": "workspace:^"
    "@jsdotlua/jest-roblox-shared": "workspace:^"
    "@jsdotlua/jest-snapshot-serializer-raw": "workspace:^"
    "@jsdotlua/jest-types": "workspace:^"
    "@jsdotlua/jest-util": "workspace:^"
    "@jsdotlua/jest-validate": "workspace:^"
    "@jsdotlua/luau-polyfill": "npm:^1.2.6"
    "@jsdotlua/pretty-format": "workspace:^"
    "@jsdotlua/promise": "npm:^3.5.0"
    luau-regexp: "npm:^0.2.1"
    npmluau: "npm:^0.1.1"
  languageName: unknown
  linkType: soft

"@jsdotlua/jest-console@workspace:^, @jsdotlua/jest-console@workspace:src/jest-console":
  version: 0.0.0-use.local
  resolution: "@jsdotlua/jest-console@workspace:src/jest-console"
  dependencies:
    "@jsdotlua/chalk": "npm:^0.2.1"
    "@jsdotlua/jest-each": "workspace:^"
    "@jsdotlua/jest-globals": "workspace:^"
    "@jsdotlua/jest-message-util": "workspace:^"
    "@jsdotlua/jest-mock": "workspace:^"
    "@jsdotlua/jest-roblox-shared": "workspace:^"
    "@jsdotlua/jest-types": "workspace:^"
    "@jsdotlua/jest-util": "workspace:^"
    "@jsdotlua/luau-polyfill": "npm:^1.2.6"
    npmluau: "npm:^0.1.1"
  languageName: unknown
  linkType: soft

"@jsdotlua/jest-core@workspace:^, @jsdotlua/jest-core@workspace:src/jest-core":
  version: 0.0.0-use.local
  resolution: "@jsdotlua/jest-core@workspace:src/jest-core"
  dependencies:
    "@jsdotlua/chalk": "npm:^0.2.1"
    "@jsdotlua/emittery": "workspace:^"
    "@jsdotlua/jest-config": "workspace:^"
    "@jsdotlua/jest-console": "workspace:^"
    "@jsdotlua/jest-globals": "workspace:^"
    "@jsdotlua/jest-message-util": "workspace:^"
    "@jsdotlua/jest-reporters": "workspace:^"
    "@jsdotlua/jest-roblox-shared": "workspace:^"
    "@jsdotlua/jest-runner": "workspace:^"
    "@jsdotlua/jest-runtime": "workspace:^"
    "@jsdotlua/jest-snapshot": "workspace:^"
    "@jsdotlua/jest-snapshot-serializer-raw": "workspace:^"
    "@jsdotlua/jest-test-result": "workspace:^"
    "@jsdotlua/jest-types": "workspace:^"
    "@jsdotlua/jest-util": "workspace:^"
    "@jsdotlua/luau-polyfill": "npm:^1.2.6"
    "@jsdotlua/pretty-format": "workspace:^"
    "@jsdotlua/promise": "npm:^3.5.0"
    "@jsdotlua/test-utils": "workspace:^"
    luau-regexp: "npm:^0.2.1"
    npmluau: "npm:^0.1.1"
  languageName: unknown
  linkType: soft

"@jsdotlua/jest-diff@workspace:^, @jsdotlua/jest-diff@workspace:src/jest-diff":
  version: 0.0.0-use.local
  resolution: "@jsdotlua/jest-diff@workspace:src/jest-diff"
  dependencies:
    "@jsdotlua/chalk": "npm:^0.2.1"
    "@jsdotlua/diff-sequences": "workspace:^"
    "@jsdotlua/jest-get-type": "workspace:^"
    "@jsdotlua/jest-globals": "workspace:^"
    "@jsdotlua/jest-types": "workspace:^"
    "@jsdotlua/luau-polyfill": "npm:^1.2.6"
    "@jsdotlua/pretty-format": "workspace:^"
    "@jsdotlua/test-utils": "workspace:^"
    npmluau: "npm:^0.1.1"
  languageName: unknown
  linkType: soft

"@jsdotlua/jest-each@workspace:^, @jsdotlua/jest-each@workspace:src/jest-each":
  version: 0.0.0-use.local
  resolution: "@jsdotlua/jest-each@workspace:src/jest-each"
  dependencies:
    "@jsdotlua/chalk": "npm:^0.2.1"
    "@jsdotlua/jest-get-type": "workspace:^"
    "@jsdotlua/jest-globals": "workspace:^"
    "@jsdotlua/jest-types": "workspace:^"
    "@jsdotlua/jest-util": "workspace:^"
    "@jsdotlua/luau-polyfill": "npm:^1.2.6"
    "@jsdotlua/pretty-format": "workspace:^"
    luau-regexp: "npm:^0.2.1"
    npmluau: "npm:^0.1.1"
  languageName: unknown
  linkType: soft

"@jsdotlua/jest-environment-roblox@workspace:^, @jsdotlua/jest-environment-roblox@workspace:src/jest-environment-roblox":
  version: 0.0.0-use.local
  resolution: "@jsdotlua/jest-environment-roblox@workspace:src/jest-environment-roblox"
  dependencies:
    "@jsdotlua/jest-environment": "workspace:^"
    "@jsdotlua/jest-fake-timers": "workspace:^"
    "@jsdotlua/jest-mock": "workspace:^"
    "@jsdotlua/jest-types": "workspace:^"
    "@jsdotlua/luau-polyfill": "npm:^1.2.6"
    "@jsdotlua/promise": "npm:^3.5.0"
    npmluau: "npm:^0.1.1"
  languageName: unknown
  linkType: soft

"@jsdotlua/jest-environment@workspace:^, @jsdotlua/jest-environment@workspace:src/jest-environment":
  version: 0.0.0-use.local
  resolution: "@jsdotlua/jest-environment@workspace:src/jest-environment"
  dependencies:
    "@jsdotlua/jest-fake-timers": "workspace:^"
    "@jsdotlua/jest-mock": "workspace:^"
    "@jsdotlua/jest-mock-genv": "workspace:^"
    "@jsdotlua/jest-types": "workspace:^"
    "@jsdotlua/luau-polyfill": "npm:^1.2.6"
    npmluau: "npm:^0.1.1"
  languageName: unknown
  linkType: soft

"@jsdotlua/jest-fake-timers@workspace:^, @jsdotlua/jest-fake-timers@workspace:src/jest-fake-timers":
  version: 0.0.0-use.local
  resolution: "@jsdotlua/jest-fake-timers@workspace:src/jest-fake-timers"
  dependencies:
    "@jsdotlua/jest-get-type": "workspace:^"
    "@jsdotlua/jest-globals": "workspace:^"
    "@jsdotlua/jest-mock": "workspace:^"
    "@jsdotlua/luau-polyfill": "npm:^1.2.6"
    npmluau: "npm:^0.1.1"
  languageName: unknown
  linkType: soft

"@jsdotlua/jest-get-type@workspace:^, @jsdotlua/jest-get-type@workspace:src/jest-get-type":
  version: 0.0.0-use.local
  resolution: "@jsdotlua/jest-get-type@workspace:src/jest-get-type"
  dependencies:
    "@jsdotlua/jest-globals": "workspace:^"
    "@jsdotlua/luau-polyfill": "npm:^1.2.6"
    luau-regexp: "npm:^0.2.1"
    npmluau: "npm:^0.1.1"
  languageName: unknown
  linkType: soft

"@jsdotlua/jest-globals@workspace:^, @jsdotlua/jest-globals@workspace:src/jest-globals":
  version: 0.0.0-use.local
  resolution: "@jsdotlua/jest-globals@workspace:src/jest-globals"
  dependencies:
    "@jsdotlua/expect": "workspace:^"
    "@jsdotlua/jest-environment": "workspace:^"
    "@jsdotlua/jest-types": "workspace:^"
    "@jsdotlua/luau-polyfill": "npm:^1.2.6"
    npmluau: "npm:^0.1.1"
  languageName: unknown
  linkType: soft

"@jsdotlua/jest-jasmine2@workspace:src/jest-jasmine2":
  version: 0.0.0-use.local
  resolution: "@jsdotlua/jest-jasmine2@workspace:src/jest-jasmine2"
  dependencies:
    "@jsdotlua/expect": "workspace:^"
    "@jsdotlua/jest-globals": "workspace:^"
    "@jsdotlua/jest-roblox-shared": "workspace:^"
    "@jsdotlua/luau-polyfill": "npm:^1.2.6"
    "@jsdotlua/promise": "npm:^3.5.0"
    npmluau: "npm:^0.1.1"
  languageName: unknown
  linkType: soft

"@jsdotlua/jest-matcher-utils@workspace:^, @jsdotlua/jest-matcher-utils@workspace:src/jest-matcher-utils":
  version: 0.0.0-use.local
  resolution: "@jsdotlua/jest-matcher-utils@workspace:src/jest-matcher-utils"
  dependencies:
    "@jsdotlua/chalk": "npm:^0.2.1"
    "@jsdotlua/jest-diff": "workspace:^"
    "@jsdotlua/jest-get-type": "workspace:^"
    "@jsdotlua/jest-globals": "workspace:^"
    "@jsdotlua/jest-roblox-shared": "workspace:^"
    "@jsdotlua/luau-polyfill": "npm:^1.2.6"
    "@jsdotlua/pretty-format": "workspace:^"
    "@jsdotlua/test-utils": "workspace:^"
    luau-regexp: "npm:^0.2.1"
    npmluau: "npm:^0.1.1"
  languageName: unknown
  linkType: soft

"@jsdotlua/jest-message-util@workspace:^, @jsdotlua/jest-message-util@workspace:src/jest-message-util":
  version: 0.0.0-use.local
  resolution: "@jsdotlua/jest-message-util@workspace:src/jest-message-util"
  dependencies:
    "@jsdotlua/chalk": "npm:^0.2.1"
    "@jsdotlua/jest-globals": "workspace:^"
    "@jsdotlua/jest-roblox-shared": "workspace:^"
    "@jsdotlua/jest-snapshot-serializer-raw": "workspace:^"
    "@jsdotlua/jest-types": "workspace:^"
    "@jsdotlua/luau-polyfill": "npm:^1.2.6"
    "@jsdotlua/pretty-format": "workspace:^"
    "@jsdotlua/promise": "npm:^3.5.0"
    luau-regexp: "npm:^0.2.1"
    npmluau: "npm:^0.1.1"
  languageName: unknown
  linkType: soft

"@jsdotlua/jest-mock-genv@workspace:^, @jsdotlua/jest-mock-genv@workspace:src/jest-mock-genv":
  version: 0.0.0-use.local
  resolution: "@jsdotlua/jest-mock-genv@workspace:src/jest-mock-genv"
  dependencies:
    "@jsdotlua/jest-globals": "workspace:^"
    "@jsdotlua/luau-polyfill": "npm:^1.2.6"
    npmluau: "npm:^0.1.1"
  languageName: unknown
  linkType: soft

"@jsdotlua/jest-mock@workspace:^, @jsdotlua/jest-mock@workspace:src/jest-mock":
  version: 0.0.0-use.local
  resolution: "@jsdotlua/jest-mock@workspace:src/jest-mock"
  dependencies:
    "@jsdotlua/jest-config": "workspace:^"
    "@jsdotlua/jest-globals": "workspace:^"
    "@jsdotlua/jest-mock-genv": "workspace:^"
    "@jsdotlua/luau-polyfill": "npm:^1.2.6"
    npmluau: "npm:^0.1.1"
  languageName: unknown
  linkType: soft

"@jsdotlua/jest-reporters@workspace:^, @jsdotlua/jest-reporters@workspace:src/jest-reporters":
  version: 0.0.0-use.local
  resolution: "@jsdotlua/jest-reporters@workspace:src/jest-reporters"
  dependencies:
    "@jsdotlua/chalk": "npm:^0.2.1"
    "@jsdotlua/jest-config": "workspace:^"
    "@jsdotlua/jest-console": "workspace:^"
    "@jsdotlua/jest-globals": "workspace:^"
    "@jsdotlua/jest-message-util": "workspace:^"
    "@jsdotlua/jest-mock": "workspace:^"
    "@jsdotlua/jest-roblox-shared": "workspace:^"
    "@jsdotlua/jest-snapshot-serializer-raw": "workspace:^"
    "@jsdotlua/jest-test-result": "workspace:^"
    "@jsdotlua/jest-types": "workspace:^"
    "@jsdotlua/jest-util": "workspace:^"
    "@jsdotlua/luau-polyfill": "npm:^1.2.6"
    "@jsdotlua/path": "workspace:^"
    "@jsdotlua/pretty-format": "workspace:^"
    npmluau: "npm:^0.1.1"
  languageName: unknown
  linkType: soft

"@jsdotlua/jest-roblox-shared@workspace:^, @jsdotlua/jest-roblox-shared@workspace:src/jest-roblox-shared":
  version: 0.0.0-use.local
  resolution: "@jsdotlua/jest-roblox-shared@workspace:src/jest-roblox-shared"
  dependencies:
    "@jsdotlua/jest-config": "workspace:^"
    "@jsdotlua/jest-get-type": "workspace:^"
    "@jsdotlua/jest-globals": "workspace:^"
    "@jsdotlua/jest-mock": "workspace:^"
    "@jsdotlua/luau-polyfill": "npm:^1.2.6"
    npmluau: "npm:^0.1.1"
  languageName: unknown
  linkType: soft

"@jsdotlua/jest-runner@workspace:^, @jsdotlua/jest-runner@workspace:src/jest-runner":
  version: 0.0.0-use.local
  resolution: "@jsdotlua/jest-runner@workspace:src/jest-runner"
  dependencies:
    "@jsdotlua/chalk": "npm:^0.2.1"
    "@jsdotlua/emittery": "workspace:^"
    "@jsdotlua/jest-circus": "workspace:^"
    "@jsdotlua/jest-console": "workspace:^"
    "@jsdotlua/jest-environment": "workspace:^"
    "@jsdotlua/jest-globals": "workspace:^"
    "@jsdotlua/jest-message-util": "workspace:^"
    "@jsdotlua/jest-roblox-shared": "workspace:^"
    "@jsdotlua/jest-runtime": "workspace:^"
    "@jsdotlua/jest-test-result": "workspace:^"
    "@jsdotlua/jest-types": "workspace:^"
    "@jsdotlua/jest-util": "workspace:^"
    "@jsdotlua/luau-polyfill": "npm:^1.2.6"
    "@jsdotlua/pretty-format": "workspace:^"
    "@jsdotlua/promise": "npm:^3.5.0"
    "@jsdotlua/throat": "workspace:^"
    npmluau: "npm:^0.1.1"
  languageName: unknown
  linkType: soft

"@jsdotlua/jest-runtime@workspace:^, @jsdotlua/jest-runtime@workspace:src/jest-runtime":
  version: 0.0.0-use.local
  resolution: "@jsdotlua/jest-runtime@workspace:src/jest-runtime"
  dependencies:
    "@jsdotlua/emittery": "workspace:^"
    "@jsdotlua/expect": "workspace:^"
    "@jsdotlua/jest-config": "workspace:^"
    "@jsdotlua/jest-fake-timers": "workspace:^"
    "@jsdotlua/jest-globals": "workspace:^"
    "@jsdotlua/jest-mock": "workspace:^"
    "@jsdotlua/jest-mock-genv": "workspace:^"
    "@jsdotlua/jest-snapshot": "workspace:^"
    "@jsdotlua/jest-types": "workspace:^"
    "@jsdotlua/luau-polyfill": "npm:^1.2.6"
    "@jsdotlua/promise": "npm:^3.5.0"
    npmluau: "npm:^0.1.1"
  languageName: unknown
  linkType: soft

"@jsdotlua/jest-snapshot-serializer-raw@workspace:^, @jsdotlua/jest-snapshot-serializer-raw@workspace:src/jest-snapshot-serializer-raw":
  version: 0.0.0-use.local
  resolution: "@jsdotlua/jest-snapshot-serializer-raw@workspace:src/jest-snapshot-serializer-raw"
  dependencies:
    "@jsdotlua/luau-polyfill": "npm:^1.2.6"
    npmluau: "npm:^0.1.1"
  languageName: unknown
  linkType: soft

"@jsdotlua/jest-snapshot@workspace:^, @jsdotlua/jest-snapshot@workspace:src/jest-snapshot":
  version: 0.0.0-use.local
  resolution: "@jsdotlua/jest-snapshot@workspace:src/jest-snapshot"
  dependencies:
    "@jsdotlua/chalk": "npm:^0.2.1"
    "@jsdotlua/jest-diff": "workspace:^"
    "@jsdotlua/jest-get-type": "workspace:^"
    "@jsdotlua/jest-globals": "workspace:^"
    "@jsdotlua/jest-matcher-utils": "workspace:^"
    "@jsdotlua/jest-roblox-shared": "workspace:^"
    "@jsdotlua/jest-types": "workspace:^"
    "@jsdotlua/luau-polyfill": "npm:^1.2.6"
    "@jsdotlua/pretty-format": "workspace:^"
    "@jsdotlua/promise": "npm:^3.5.0"
    npmluau: "npm:^0.1.1"
  languageName: unknown
  linkType: soft

"@jsdotlua/jest-test-result@workspace:^, @jsdotlua/jest-test-result@workspace:src/jest-test-result":
  version: 0.0.0-use.local
  resolution: "@jsdotlua/jest-test-result@workspace:src/jest-test-result"
  dependencies:
    "@jsdotlua/jest-globals": "workspace:^"
    "@jsdotlua/jest-types": "workspace:^"
    "@jsdotlua/luau-polyfill": "npm:^1.2.6"
    npmluau: "npm:^0.1.1"
  languageName: unknown
  linkType: soft

"@jsdotlua/jest-types@workspace:^, @jsdotlua/jest-types@workspace:src/jest-types":
  version: 0.0.0-use.local
  resolution: "@jsdotlua/jest-types@workspace:src/jest-types"
  dependencies:
    "@jsdotlua/luau-polyfill": "npm:^1.2.6"
    luau-regexp: "npm:^0.2.1"
    npmluau: "npm:^0.1.1"
  languageName: unknown
  linkType: soft

"@jsdotlua/jest-util@workspace:^, @jsdotlua/jest-util@workspace:src/jest-util":
  version: 0.0.0-use.local
  resolution: "@jsdotlua/jest-util@workspace:src/jest-util"
  dependencies:
    "@jsdotlua/chalk": "npm:^0.2.1"
    "@jsdotlua/jest-globals": "workspace:^"
    "@jsdotlua/jest-roblox-shared": "workspace:^"
    "@jsdotlua/jest-types": "workspace:^"
    "@jsdotlua/luau-polyfill": "npm:^1.2.6"
    "@jsdotlua/picomatch": "npm:^0.4.0"
    "@jsdotlua/promise": "npm:^3.5.0"
    luau-regexp: "npm:^0.2.1"
    npmluau: "npm:^0.1.1"
  languageName: unknown
  linkType: soft

"@jsdotlua/jest-validate@workspace:^, @jsdotlua/jest-validate@workspace:src/jest-validate":
  version: 0.0.0-use.local
  resolution: "@jsdotlua/jest-validate@workspace:src/jest-validate"
  dependencies:
    "@jsdotlua/chalk": "npm:^0.2.1"
    "@jsdotlua/luau-polyfill": "npm:^1.2.6"
    npmluau: "npm:^0.1.1"
  languageName: unknown
  linkType: soft

"@jsdotlua/jest@workspace:src/jest":
  version: 0.0.0-use.local
  resolution: "@jsdotlua/jest@workspace:src/jest"
  dependencies:
    "@jsdotlua/jest-core": "workspace:^"
    "@jsdotlua/jest-globals": "workspace:^"
    npmluau: "npm:^0.1.1"
  languageName: unknown
  linkType: soft

"@jsdotlua/luau-polyfill@npm:^1.2.6":
  version: 1.2.6
  resolution: "@jsdotlua/luau-polyfill@npm:1.2.6"
  dependencies:
    "@jsdotlua/boolean": "npm:^1.2.6"
    "@jsdotlua/collections": "npm:^1.2.6"
    "@jsdotlua/console": "npm:^1.2.6"
    "@jsdotlua/es7-types": "npm:^1.2.6"
    "@jsdotlua/instance-of": "npm:^1.2.6"
    "@jsdotlua/math": "npm:^1.2.6"
    "@jsdotlua/number": "npm:^1.2.6"
    "@jsdotlua/string": "npm:^1.2.6"
    "@jsdotlua/timers": "npm:^1.2.6"
    symbol-luau: "npm:^1.0.0"
  checksum: 63265f9fde3b895400d12802929ddab5daed79efc4e2aa90325b2eea0e2b7addcf351d35ad8bb19955956e913c212408944d73b6f3126223893d17cecd24de61
  languageName: node
  linkType: hard

"@jsdotlua/math@npm:^1.2.6":
  version: 1.2.6
  resolution: "@jsdotlua/math@npm:1.2.6"
  checksum: 06137df2a6352d4f5c730a7cf9e2902509d36de08415a3c70d470a05669dfeaf48e4aff2d5b6885a92b8f4d19fd0294a40f147a3f39c8558e887a09eb3ccd9e0
  languageName: node
  linkType: hard

"@jsdotlua/number@npm:^1.2.6":
  version: 1.2.6
  resolution: "@jsdotlua/number@npm:1.2.6"
  checksum: 74541fce86f80c52f05e5d4ca774d94f08ed21619af7b575c2bb7284e24fc2b178626c9888e286459a344d662cafab74d839ec8b95dcdab551fd14754911a292
  languageName: node
  linkType: hard

"@jsdotlua/path@workspace:^, @jsdotlua/path@workspace:src/path":
  version: 0.0.0-use.local
  resolution: "@jsdotlua/path@workspace:src/path"
  dependencies:
    "@jsdotlua/jest-globals": "workspace:^"
    "@jsdotlua/luau-polyfill": "npm:^1.2.6"
    npmluau: "npm:^0.1.1"
  languageName: unknown
  linkType: soft

"@jsdotlua/picomatch@npm:^0.4.0":
  version: 0.4.0
  resolution: "@jsdotlua/picomatch@npm:0.4.0"
  dependencies:
    "@jsdotlua/luau-polyfill": "npm:^1.2.6"
    "@jsdotlua/promise": "npm:^3.5.0"
    luau-regexp: "npm:^0.2.1"
  checksum: 7ccc76cfe19974a91758adf62fc69529d05815575488c1ba31af052b0f25de24a9614fd47c6e5bf67f6c28aa8e84f3f32bb59f6cb59143bb05d41b925b3a2b0e
  languageName: node
  linkType: hard

"@jsdotlua/pretty-format@workspace:^, @jsdotlua/pretty-format@workspace:src/pretty-format":
  version: 0.0.0-use.local
  resolution: "@jsdotlua/pretty-format@workspace:src/pretty-format"
  dependencies:
    "@jsdotlua/chalk": "npm:^0.2.1"
    "@jsdotlua/jest-get-type": "workspace:^"
    "@jsdotlua/jest-globals": "workspace:^"
    "@jsdotlua/jest-roblox-shared": "workspace:^"
    "@jsdotlua/luau-polyfill": "npm:^1.2.6"
    "@jsdotlua/react": "npm:^17.1.0"
    "@jsdotlua/react-is": "npm:^17.1.0"
    "@jsdotlua/react-test-renderer": "npm:^17.1.0"
    luau-regexp: "npm:^0.2.1"
    npmluau: "npm:^0.1.1"
  languageName: unknown
  linkType: soft

"@jsdotlua/promise@npm:^3.5.0":
  version: 3.5.0
  resolution: "@jsdotlua/promise@npm:3.5.0"
  checksum: 8771dac525b8d608ad319040b742cdde8f4cbbd4a075ae02dad4d510c8ab739dabf7de40ae1b15211e3890331cf3e7d9454fdcb3ec9a08471663436c0e9ec977
  languageName: node
  linkType: hard

"@jsdotlua/react-is@npm:^17.1.0":
  version: 17.1.0
  resolution: "@jsdotlua/react-is@npm:17.1.0"
  dependencies:
    "@jsdotlua/shared": "npm:^17.1.0"
  checksum: 0133682ec6ab337f2e9e3983be484f994abe8303857dd77c351fc0f9fb7d154ba115ba5ca29460f90bd482c6bbe57a28b7ddea0f4954745aaf09d682b2939560
  languageName: node
  linkType: hard

"@jsdotlua/react-reconciler@npm:^17.1.0":
  version: 17.1.0
  resolution: "@jsdotlua/react-reconciler@npm:17.1.0"
  dependencies:
    "@jsdotlua/luau-polyfill": "npm:^1.2.6"
    "@jsdotlua/promise": "npm:^3.5.0"
    "@jsdotlua/react": "npm:^17.1.0"
    "@jsdotlua/scheduler": "npm:^17.1.0"
    "@jsdotlua/shared": "npm:^17.1.0"
  checksum: b06a3576fc0529df8c24495abcd151779f952edbc35c0baa5ad7b657e65290fe2cb3e230404f88eb38f7280520ebcfee0440997548e919d331a3e3dd332592e0
  languageName: node
  linkType: hard

"@jsdotlua/react-test-renderer@npm:^17.1.0":
  version: 17.1.0
  resolution: "@jsdotlua/react-test-renderer@npm:17.1.0"
  dependencies:
    "@jsdotlua/luau-polyfill": "npm:^1.2.6"
    "@jsdotlua/react": "npm:^17.1.0"
    "@jsdotlua/react-reconciler": "npm:^17.1.0"
    "@jsdotlua/scheduler": "npm:^17.1.0"
    "@jsdotlua/shared": "npm:^17.1.0"
  checksum: 08ce7ee840568699e51f51e75cedb2ccc8680fd30dfd77d108bb7c6301d9e6a88d561e3a2aa35f0a44643bd762f3690e1352d7fe9bb15d32de61b534fd475391
  languageName: node
  linkType: hard

"@jsdotlua/react@npm:^17.1.0":
  version: 17.1.0
  resolution: "@jsdotlua/react@npm:17.1.0"
  dependencies:
    "@jsdotlua/luau-polyfill": "npm:^1.2.6"
    "@jsdotlua/shared": "npm:^17.1.0"
  checksum: e25ba407bcd5f9395e6c206dfcbbd2b5e53c349046363830cb1a5e65c77a7978c8c680acf8c0e3d3d50bbf91b70796380b1bc43134b7d330303bef358afc5865
  languageName: node
  linkType: hard

"@jsdotlua/scheduler@npm:^17.1.0":
  version: 17.1.0
  resolution: "@jsdotlua/scheduler@npm:17.1.0"
  dependencies:
    "@jsdotlua/luau-polyfill": "npm:^1.2.6"
    "@jsdotlua/shared": "npm:^17.1.0"
  checksum: 3c04c80e6982e4bd074c0de537c8d2b768a6d10a03056e8a72b832bc591a8d507e296914bd4dedcc12dd941c9c788d63b8527e61530d2793f043363a424114cb
  languageName: node
  linkType: hard

"@jsdotlua/shared@npm:^17.1.0":
  version: 17.1.0
  resolution: "@jsdotlua/shared@npm:17.1.0"
  dependencies:
    "@jsdotlua/luau-polyfill": "npm:^1.2.6"
  checksum: 23e0d4fec494e7059b116db3b89e9655cc772e19fe06f9ad92bc97a324cf8862b0f2e7aaffee89d0627c9a1abb793b254573f09860fa35caf21925a33b332376
  languageName: node
  linkType: hard

"@jsdotlua/string@npm:^1.2.6":
  version: 1.2.6
  resolution: "@jsdotlua/string@npm:1.2.6"
  dependencies:
    "@jsdotlua/es7-types": "npm:^1.2.6"
    "@jsdotlua/number": "npm:^1.2.6"
  checksum: de51c662439110642b699e4196240aa45ec4b8814f99bc606acb84dbb3f1c6889099bb722b3370f5873e06bd65c76779b5d94694309c9bdc63d324f40add2b0f
  languageName: node
  linkType: hard

"@jsdotlua/test-utils@workspace:^, @jsdotlua/test-utils@workspace:src/test-utils":
  version: 0.0.0-use.local
  resolution: "@jsdotlua/test-utils@workspace:src/test-utils"
  dependencies:
    "@jsdotlua/chalk": "npm:^0.2.1"
    "@jsdotlua/jest-environment-roblox": "workspace:^"
    "@jsdotlua/jest-types": "workspace:^"
    "@jsdotlua/luau-polyfill": "npm:^1.2.6"
    "@jsdotlua/pretty-format": "workspace:^"
    npmluau: "npm:^0.1.1"
  languageName: unknown
  linkType: soft

"@jsdotlua/throat@workspace:^, @jsdotlua/throat@workspace:src/throat":
  version: 0.0.0-use.local
  resolution: "@jsdotlua/throat@workspace:src/throat"
  dependencies:
    "@jsdotlua/jest-globals": "workspace:^"
    "@jsdotlua/luau-polyfill": "npm:^1.2.6"
    "@jsdotlua/promise": "npm:^3.5.0"
    npmluau: "npm:^0.1.1"
  languageName: unknown
  linkType: soft

"@jsdotlua/timers@npm:^1.2.6":
  version: 1.2.6
  resolution: "@jsdotlua/timers@npm:1.2.6"
  dependencies:
    "@jsdotlua/collections": "npm:^1.2.6"
  checksum: f3ec2753894e4939f7dfdf0072517f1e769e4009b4bd882c9c6878526372753ac4b08b531e1a32c96b7bccb5bf10bb8e2f5730cbc70534da7eddc620fbccaaca
  languageName: node
  linkType: hard

"commander@npm:^11.0.0, commander@npm:^11.1.0":
  version: 11.1.0
  resolution: "commander@npm:11.1.0"
  checksum: 13cc6ac875e48780250f723fb81c1c1178d35c5decb1abb1b628b3177af08a8554e76b2c0f29de72d69eef7c864d12613272a71fabef8047922bc622ab75a179
  languageName: node
  linkType: hard

"luau-regexp@npm:^0.2.1":
  version: 0.2.1
  resolution: "luau-regexp@npm:0.2.1"
  checksum: 7badc4e6f9ab7753d77e49db3012c525fb85dff70930c806754edd86893a39c1afb1aba51aba00b2f456f72d7f02c6a8812a160646a05986bc6d1bfae6251494
  languageName: node
  linkType: hard

"npmluau@npm:^0.1.1":
  version: 0.1.1
  resolution: "npmluau@npm:0.1.1"
  dependencies:
    commander: "npm:^11.0.0"
    walkdir: "npm:^0.4.1"
  bin:
    npmluau: main.js
  checksum: 9ae22c0dcff9e85c90b4da4e8c17bc51e9b567b4a417c9767d355ff68faca4f99a2934b581743ebc8729f6851d1ba5b64597312151747252e040517d1794fbca
  languageName: node
  linkType: hard

"symbol-luau@npm:^1.0.0":
  version: 1.0.1
  resolution: "symbol-luau@npm:1.0.1"
  checksum: ab51a77331b2d5e4666528bada17e67b26aea355257bba9e97351016cd1836bd19f372355a14cf5bef2f4d5bc6b32fe91aeb09698d7bdc079d2c61330bedf251
  languageName: node
  linkType: hard

"walkdir@npm:^0.4.1":
  version: 0.4.1
  resolution: "walkdir@npm:0.4.1"
  checksum: 88e635aa9303e9196e4dc15013d2bd4afca4c8c8b4bb27722ca042bad213bb882d3b9141b3b0cca6bfb274f7889b30cf58d6374844094abec0016f335c5414dc
  languageName: node
  linkType: hard

"workspace@workspace:.":
  version: 0.0.0-use.local
  resolution: "workspace@workspace:."
  dependencies:
    commander: "npm:^11.1.0"
    npmluau: "npm:^0.1.1"
  languageName: unknown
  linkType: soft
